
Microsoft Visual Studio Solution File, Format Version 12.00
# Visual Studio Version 16
VisualStudioVersion = 16.0.30523.141
MinimumVisualStudioVersion = 10.0.40219.1
Project("{FAE04EC0-301F-11D3-BF4B-00C04F79EFBC}") = "OblOpgave4REST", "OblOpgave4REST\OblOpgave4REST.csproj", "{989AB93B-D2EB-46C2-91C7-219A27893184}"
EndProject
Global
	GlobalSection(SolutionConfigurationPlatforms) = preSolution
		Debug|Any CPU = Debug|Any CPU
		Release|Any CPU = Release|Any CPU
	EndGlobalSection
	GlobalSection(ProjectConfigurationPlatforms) = postSolution
		{989AB93B-D2EB-46C2-91C7-219A27893184}.Debug|Any CPU.ActiveCfg = Debug|Any CPU
		{989AB93B-D2EB-46C2-91C7-219A27893184}.Debug|Any CPU.Build.0 = Debug|Any CPU
		{989AB93B-D2EB-46C2-91C7-219A27893184}.Release|Any CPU.ActiveCfg = Release|Any CPU
		{989AB93B-D2EB-46C2-91C7-219A27893184}.Release|Any CPU.Build.0 = Release|Any CPU
	EndGlobalSection
	GlobalSection(SolutionProperties) = preSolution
		HideSolutionNode = FALSE
	EndGlobalSection
	GlobalSection(ExtensibilityGlobals) = postSolution
		SolutionGuid = {46FE1010-A6D6-4CD6-BB38-68BF3DB0974F}
	EndGlobalSection
EndGlobal
